{
  "packages": {
    "": {
      "dependencies": {
        "react-dom": "^19.2.0",
        "react": "^19.2.0"
      },
      "devDependencies": {
        "tailwindcss": "^4.2.1",
        "vite": "^7.3.1",
        "typescript": "^5.8.3",
        "@vitejs/plugin-react": "^5.0.4",
        "@tailwindcss/vite": "^4.2.1",
        "@types/react": "^19.2.0",
        "@types/react-dom": "^19.2.0"
      },
      "version": "1.0.0",
      "name": "realgood-platform-preview"
    }
  },
  "lockfileVersion": 3,
  "version": "1.0.0",
  "name": "realgood-platform-preview",
  "requires": true
}

